// !$*UTF8*$!
{
	archiveVersion = 1;
	classes = {
	};
	objectVersion = 56;
	objects = {

/* Begin PBXBuildFile section */
		DC00E4E52C59EB580005B700 /* NotificationScheduler.swift in Sources */ = {isa = PBXBuildFile; fileRef = DC00E4E42C59EB570005B700 /* NotificationScheduler.swift */; };
		DC00E4E72C59EEC10005B700 /* JSONHelper.swift in Sources */ = {isa = PBXBuildFile; fileRef = DC00E4E62C59EEC10005B700 /* JSONHelper.swift */; };
		DC60145929DE66C300A950F6 /* Quote_DropletApp.swift in Sources */ = {isa = PBXBuildFile; fileRef = DC60145829DE66C200A950F6 /* Quote_DropletApp.swift */; };
		DC60145B29DE66C300A950F6 /* QuoteView.swift in Sources */ = {isa = PBXBuildFile; fileRef = DC60145A29DE66C300A950F6 /* QuoteView.swift */; };
		DC60145D29DE66C400A950F6 /* Assets.xcassets in Resources */ = {isa = PBXBuildFile; fileRef = DC60145C29DE66C400A950F6 /* Assets.xcassets */; };
		DC60146029DE66C400A950F6 /* Preview Assets.xcassets in Resources */ = {isa = PBXBuildFile; fileRef = DC60145F29DE66C400A950F6 /* Preview Assets.xcassets */; };
		DC60146829DE696D00A950F6 /* QuoteClassification.swift in Sources */ = {isa = PBXBuildFile; fileRef = DC60146729DE696D00A950F6 /* QuoteClassification.swift */; };
		DC60146A29DE860C00A950F6 /* Quote.swift in Sources */ = {isa = PBXBuildFile; fileRef = DC60146929DE860B00A950F6 /* Quote.swift */; };
		DC60146C29DE8CF100A950F6 /* APIService.swift in Sources */ = {isa = PBXBuildFile; fileRef = DC60146B29DE8CF100A950F6 /* APIService.swift */; };
		DC9573572BAE707D000A3645 /* QuoteManager.swift in Sources */ = {isa = PBXBuildFile; fileRef = DC9573562BAE707D000A3645 /* QuoteManager.swift */; };
		DC9573592BAE70A9000A3645 /* QuotesBackup.json in Resources */ = {isa = PBXBuildFile; fileRef = DC9573582BAE70A9000A3645 /* QuotesBackup.json */; };
		DCDA98FD2A649600006DDA7D /* ApplicationMenu.swift in Sources */ = {isa = PBXBuildFile; fileRef = DCDA98FC2A649600006DDA7D /* ApplicationMenu.swift */; };
		DCEFC8A22C59F0F500EBE403 /* AuthorHelper.swift in Sources */ = {isa = PBXBuildFile; fileRef = DCEFC8A12C59F0F500EBE403 /* AuthorHelper.swift */; };
/* End PBXBuildFile section */

/* Begin PBXFileReference section */
		DC00E4E42C59EB570005B700 /* NotificationScheduler.swift */ = {isa = PBXFileReference; fileEncoding = 4; lastKnownFileType = sourcecode.swift; path = NotificationScheduler.swift; sourceTree = "<group>"; };
		DC00E4E62C59EEC10005B700 /* JSONHelper.swift */ = {isa = PBXFileReference; lastKnownFileType = sourcecode.swift; path = JSONHelper.swift; sourceTree = "<group>"; };
		DC60145529DE66C200A950F6 /* Quote Droplet.app */ = {isa = PBXFileReference; explicitFileType = wrapper.application; includeInIndex = 0; path = "Quote Droplet.app"; sourceTree = BUILT_PRODUCTS_DIR; };
		DC60145829DE66C200A950F6 /* Quote_DropletApp.swift */ = {isa = PBXFileReference; lastKnownFileType = sourcecode.swift; path = Quote_DropletApp.swift; sourceTree = "<group>"; };
		DC60145A29DE66C300A950F6 /* QuoteView.swift */ = {isa = PBXFileReference; lastKnownFileType = sourcecode.swift; path = QuoteView.swift; sourceTree = "<group>"; };
		DC60145C29DE66C400A950F6 /* Assets.xcassets */ = {isa = PBXFileReference; lastKnownFileType = folder.assetcatalog; path = Assets.xcassets; sourceTree = "<group>"; };
		DC60145F29DE66C400A950F6 /* Preview Assets.xcassets */ = {isa = PBXFileReference; lastKnownFileType = folder.assetcatalog; path = "Preview Assets.xcassets"; sourceTree = "<group>"; };
		DC60146129DE66C400A950F6 /* Quote_Droplet.entitlements */ = {isa = PBXFileReference; lastKnownFileType = text.plist.entitlements; path = Quote_Droplet.entitlements; sourceTree = "<group>"; };
		DC60146729DE696D00A950F6 /* QuoteClassification.swift */ = {isa = PBXFileReference; lastKnownFileType = sourcecode.swift; path = QuoteClassification.swift; sourceTree = "<group>"; };
		DC60146929DE860B00A950F6 /* Quote.swift */ = {isa = PBXFileReference; lastKnownFileType = sourcecode.swift; path = Quote.swift; sourceTree = "<group>"; };
		DC60146B29DE8CF100A950F6 /* APIService.swift */ = {isa = PBXFileReference; lastKnownFileType = sourcecode.swift; path = APIService.swift; sourceTree = "<group>"; };
		DC9573562BAE707D000A3645 /* QuoteManager.swift */ = {isa = PBXFileReference; lastKnownFileType = sourcecode.swift; path = QuoteManager.swift; sourceTree = "<group>"; };
		DC9573582BAE70A9000A3645 /* QuotesBackup.json */ = {isa = PBXFileReference; lastKnownFileType = text.json; path = QuotesBackup.json; sourceTree = "<group>"; };
		DCB420C82A64A14400306D38 /* Info.plist */ = {isa = PBXFileReference; lastKnownFileType = text.plist; path = Info.plist; sourceTree = "<group>"; };
		DCDA98FC2A649600006DDA7D /* ApplicationMenu.swift */ = {isa = PBXFileReference; lastKnownFileType = sourcecode.swift; path = ApplicationMenu.swift; sourceTree = "<group>"; };
		DCEFC8A12C59F0F500EBE403 /* AuthorHelper.swift */ = {isa = PBXFileReference; lastKnownFileType = sourcecode.swift; path = AuthorHelper.swift; sourceTree = "<group>"; };
/* End PBXFileReference section */

/* Begin PBXFrameworksBuildPhase section */
		DC60145229DE66C200A950F6 /* Frameworks */ = {
			isa = PBXFrameworksBuildPhase;
			buildActionMask = 2147483647;
			files = (
			);
			runOnlyForDeploymentPostprocessing = 0;
		};
/* End PBXFrameworksBuildPhase section */

/* Begin PBXGroup section */
		DC60144C29DE66C200A950F6 = {
			isa = PBXGroup;
			children = (
				DC60145729DE66C200A950F6 /* Quote-Droplet */,
				DC60145629DE66C200A950F6 /* Products */,
			);
			sourceTree = "<group>";
		};
		DC60145629DE66C200A950F6 /* Products */ = {
			isa = PBXGroup;
			children = (
				DC60145529DE66C200A950F6 /* Quote Droplet.app */,
			);
			name = Products;
			sourceTree = "<group>";
		};
		DC60145729DE66C200A950F6 /* Quote-Droplet */ = {
			isa = PBXGroup;
			children = (
				DCEFC8A02C59EF9900EBE403 /* New-Quote-Retrieval */,
				DCB420C82A64A14400306D38 /* Info.plist */,
				DC60145829DE66C200A950F6 /* Quote_DropletApp.swift */,
				DC60145A29DE66C300A950F6 /* QuoteView.swift */,
				DC60146729DE696D00A950F6 /* QuoteClassification.swift */,
				DC9573562BAE707D000A3645 /* QuoteManager.swift */,
				DC60146B29DE8CF100A950F6 /* APIService.swift */,
				DC60146929DE860B00A950F6 /* Quote.swift */,
				DC60145C29DE66C400A950F6 /* Assets.xcassets */,
				DC60146129DE66C400A950F6 /* Quote_Droplet.entitlements */,
				DCDA98FC2A649600006DDA7D /* ApplicationMenu.swift */,
				DC60145E29DE66C400A950F6 /* Preview Content */,
				DC9573582BAE70A9000A3645 /* QuotesBackup.json */,
			);
			path = "Quote-Droplet";
			sourceTree = "<group>";
		};
		DC60145E29DE66C400A950F6 /* Preview Content */ = {
			isa = PBXGroup;
			children = (
				DC60145F29DE66C400A950F6 /* Preview Assets.xcassets */,
			);
			path = "Preview Content";
			sourceTree = "<group>";
		};
		DCEFC8A02C59EF9900EBE403 /* New-Quote-Retrieval */ = {
			isa = PBXGroup;
			children = (
				DC00E4E62C59EEC10005B700 /* JSONHelper.swift */,
				DC00E4E42C59EB570005B700 /* NotificationScheduler.swift */,
				DCEFC8A12C59F0F500EBE403 /* AuthorHelper.swift */,
			);
			path = "New-Quote-Retrieval";
			sourceTree = "<group>";
		};
/* End PBXGroup section */

/* Begin PBXNativeTarget section */
		DC60145429DE66C200A950F6 /* Quote Droplet */ = {
			isa = PBXNativeTarget;
			buildConfigurationList = DC60146429DE66C400A950F6 /* Build configuration list for PBXNativeTarget "Quote Droplet" */;
			buildPhases = (
				DC60145129DE66C200A950F6 /* Sources */,
				DC60145229DE66C200A950F6 /* Frameworks */,
				DC60145329DE66C200A950F6 /* Resources */,
			);
			buildRules = (
			);
			dependencies = (
			);
			name = "Quote Droplet";
			packageProductDependencies = (
			);
			productName = "Quote-Droplet";
			productReference = DC60145529DE66C200A950F6 /* Quote Droplet.app */;
			productType = "com.apple.product-type.application";
		};
/* End PBXNativeTarget section */

/* Begin PBXProject section */
		DC60144D29DE66C200A950F6 /* Project object */ = {
			isa = PBXProject;
			attributes = {
				BuildIndependentTargetsInParallel = 1;
				LastSwiftUpdateCheck = 1430;
				LastUpgradeCheck = 1520;
				TargetAttributes = {
					DC60145429DE66C200A950F6 = {
						CreatedOnToolsVersion = 14.3;
					};
				};
			};
			buildConfigurationList = DC60145029DE66C200A950F6 /* Build configuration list for PBXProject "Quote Droplet" */;
			compatibilityVersion = "Xcode 14.0";
			developmentRegion = en;
			hasScannedForEncodings = 0;
			knownRegions = (
				en,
				Base,
			);
			mainGroup = DC60144C29DE66C200A950F6;
			packageReferences = (
			);
			productRefGroup = DC60145629DE66C200A950F6 /* Products */;
			projectDirPath = "";
			projectRoot = "";
			targets = (
				DC60145429DE66C200A950F6 /* Quote Droplet */,
			);
		};
/* End PBXProject section */

/* Begin PBXResourcesBuildPhase section */
		DC60145329DE66C200A950F6 /* Resources */ = {
			isa = PBXResourcesBuildPhase;
			buildActionMask = 2147483647;
			files = (
				DC60146029DE66C400A950F6 /* Preview Assets.xcassets in Resources */,
				DC60145D29DE66C400A950F6 /* Assets.xcassets in Resources */,
				DC9573592BAE70A9000A3645 /* QuotesBackup.json in Resources */,
			);
			runOnlyForDeploymentPostprocessing = 0;
		};
/* End PBXResourcesBuildPhase section */

/* Begin PBXSourcesBuildPhase section */
		DC60145129DE66C200A950F6 /* Sources */ = {
			isa = PBXSourcesBuildPhase;
			buildActionMask = 2147483647;
			files = (
				DC60146A29DE860C00A950F6 /* Quote.swift in Sources */,
				DCDA98FD2A649600006DDA7D /* ApplicationMenu.swift in Sources */,
				DC60146C29DE8CF100A950F6 /* APIService.swift in Sources */,
				DC00E4E72C59EEC10005B700 /* JSONHelper.swift in Sources */,
				DCEFC8A22C59F0F500EBE403 /* AuthorHelper.swift in Sources */,
				DC9573572BAE707D000A3645 /* QuoteManager.swift in Sources */,
				DC00E4E52C59EB580005B700 /* NotificationScheduler.swift in Sources */,
				DC60146829DE696D00A950F6 /* QuoteClassification.swift in Sources */,
				DC60145B29DE66C300A950F6 /* QuoteView.swift in Sources */,
				DC60145929DE66C300A950F6 /* Quote_DropletApp.swift in Sources */,
			);
			runOnlyForDeploymentPostprocessing = 0;
		};
/* End PBXSourcesBuildPhase section */

/* Begin XCBuildConfiguration section */
		DC60146229DE66C400A950F6 /* Debug */ = {
			isa = XCBuildConfiguration;
			buildSettings = {
				ALWAYS_SEARCH_USER_PATHS = NO;
				ASSETCATALOG_COMPILER_GENERATE_SWIFT_ASSET_SYMBOL_EXTENSIONS = YES;
				CLANG_ANALYZER_NONNULL = YES;
				CLANG_ANALYZER_NUMBER_OBJECT_CONVERSION = YES_AGGRESSIVE;
				CLANG_CXX_LANGUAGE_STANDARD = "gnu++20";
				CLANG_ENABLE_MODULES = YES;
				CLANG_ENABLE_OBJC_ARC = YES;
				CLANG_ENABLE_OBJC_WEAK = YES;
				CLANG_WARN_BLOCK_CAPTURE_AUTORELEASING = YES;
				CLANG_WARN_BOOL_CONVERSION = YES;
				CLANG_WARN_COMMA = YES;
				CLANG_WARN_CONSTANT_CONVERSION = YES;
				CLANG_WARN_DEPRECATED_OBJC_IMPLEMENTATIONS = YES;
				CLANG_WARN_DIRECT_OBJC_ISA_USAGE = YES_ERROR;
				CLANG_WARN_DOCUMENTATION_COMMENTS = YES;
				CLANG_WARN_EMPTY_BODY = YES;
				CLANG_WARN_ENUM_CONVERSION = YES;
				CLANG_WARN_INFINITE_RECURSION = YES;
				CLANG_WARN_INT_CONVERSION = YES;
				CLANG_WARN_NON_LITERAL_NULL_CONVERSION = YES;
				CLANG_WARN_OBJC_IMPLICIT_RETAIN_SELF = YES;
				CLANG_WARN_OBJC_LITERAL_CONVERSION = YES;
				CLANG_WARN_OBJC_ROOT_CLASS = YES_ERROR;
				CLANG_WARN_QUOTED_INCLUDE_IN_FRAMEWORK_HEADER = YES;
				CLANG_WARN_RANGE_LOOP_ANALYSIS = YES;
				CLANG_WARN_STRICT_PROTOTYPES = YES;
				CLANG_WARN_SUSPICIOUS_MOVE = YES;
				CLANG_WARN_UNGUARDED_AVAILABILITY = YES_AGGRESSIVE;
				CLANG_WARN_UNREACHABLE_CODE = YES;
				CLANG_WARN__DUPLICATE_METHOD_MATCH = YES;
				COPY_PHASE_STRIP = NO;
				DEAD_CODE_STRIPPING = YES;
				DEBUG_INFORMATION_FORMAT = dwarf;
				ENABLE_STRICT_OBJC_MSGSEND = YES;
				ENABLE_TESTABILITY = YES;
				ENABLE_USER_SCRIPT_SANDBOXING = YES;
				GCC_C_LANGUAGE_STANDARD = gnu11;
				GCC_DYNAMIC_NO_PIC = NO;
				GCC_NO_COMMON_BLOCKS = YES;
				GCC_OPTIMIZATION_LEVEL = 0;
				GCC_PREPROCESSOR_DEFINITIONS = (
					"DEBUG=1",
					"$(inherited)",
				);
				GCC_WARN_64_TO_32_BIT_CONVERSION = YES;
				GCC_WARN_ABOUT_RETURN_TYPE = YES_ERROR;
				GCC_WARN_UNDECLARED_SELECTOR = YES;
				GCC_WARN_UNINITIALIZED_AUTOS = YES_AGGRESSIVE;
				GCC_WARN_UNUSED_FUNCTION = YES;
				GCC_WARN_UNUSED_VARIABLE = YES;
				MACOSX_DEPLOYMENT_TARGET = 12.0;
				MARKETING_VERSION = 4.2;
				MTL_ENABLE_DEBUG_INFO = INCLUDE_SOURCE;
				MTL_FAST_MATH = YES;
				ONLY_ACTIVE_ARCH = YES;
				SDKROOT = macosx;
				SWIFT_ACTIVE_COMPILATION_CONDITIONS = DEBUG;
				SWIFT_OPTIMIZATION_LEVEL = "-Onone";
				VERSIONING_SYSTEM = "apple-generic";
			};
			name = Debug;
		};
		DC60146329DE66C400A950F6 /* Release */ = {
			isa = XCBuildConfiguration;
			buildSettings = {
				ALWAYS_SEARCH_USER_PATHS = NO;
				ASSETCATALOG_COMPILER_GENERATE_SWIFT_ASSET_SYMBOL_EXTENSIONS = YES;
				CLANG_ANALYZER_NONNULL = YES;
				CLANG_ANALYZER_NUMBER_OBJECT_CONVERSION = YES_AGGRESSIVE;
				CLANG_CXX_LANGUAGE_STANDARD = "gnu++20";
				CLANG_ENABLE_MODULES = YES;
				CLANG_ENABLE_OBJC_ARC = YES;
				CLANG_ENABLE_OBJC_WEAK = YES;
				CLANG_WARN_BLOCK_CAPTURE_AUTORELEASING = YES;
				CLANG_WARN_BOOL_CONVERSION = YES;
				CLANG_WARN_COMMA = YES;
				CLANG_WARN_CONSTANT_CONVERSION = YES;
				CLANG_WARN_DEPRECATED_OBJC_IMPLEMENTATIONS = YES;
				CLANG_WARN_DIRECT_OBJC_ISA_USAGE = YES_ERROR;
				CLANG_WARN_DOCUMENTATION_COMMENTS = YES;
				CLANG_WARN_EMPTY_BODY = YES;
				CLANG_WARN_ENUM_CONVERSION = YES;
				CLANG_WARN_INFINITE_RECURSION = YES;
				CLANG_WARN_INT_CONVERSION = YES;
				CLANG_WARN_NON_LITERAL_NULL_CONVERSION = YES;
				CLANG_WARN_OBJC_IMPLICIT_RETAIN_SELF = YES;
				CLANG_WARN_OBJC_LITERAL_CONVERSION = YES;
				CLANG_WARN_OBJC_ROOT_CLASS = YES_ERROR;
				CLANG_WARN_QUOTED_INCLUDE_IN_FRAMEWORK_HEADER = YES;
				CLANG_WARN_RANGE_LOOP_ANALYSIS = YES;
				CLANG_WARN_STRICT_PROTOTYPES = YES;
				CLANG_WARN_SUSPICIOUS_MOVE = YES;
				CLANG_WARN_UNGUARDED_AVAILABILITY = YES_AGGRESSIVE;
				CLANG_WARN_UNREACHABLE_CODE = YES;
				CLANG_WARN__DUPLICATE_METHOD_MATCH = YES;
				COPY_PHASE_STRIP = NO;
				DEAD_CODE_STRIPPING = YES;
				DEBUG_INFORMATION_FORMAT = "dwarf-with-dsym";
				ENABLE_NS_ASSERTIONS = NO;
				ENABLE_STRICT_OBJC_MSGSEND = YES;
				ENABLE_USER_SCRIPT_SANDBOXING = YES;
				GCC_C_LANGUAGE_STANDARD = gnu11;
				GCC_NO_COMMON_BLOCKS = YES;
				GCC_WARN_64_TO_32_BIT_CONVERSION = YES;
				GCC_WARN_ABOUT_RETURN_TYPE = YES_ERROR;
				GCC_WARN_UNDECLARED_SELECTOR = YES;
				GCC_WARN_UNINITIALIZED_AUTOS = YES_AGGRESSIVE;
				GCC_WARN_UNUSED_FUNCTION = YES;
				GCC_WARN_UNUSED_VARIABLE = YES;
				MACOSX_DEPLOYMENT_TARGET = 12.0;
				MARKETING_VERSION = 4.2;
				MTL_ENABLE_DEBUG_INFO = NO;
				MTL_FAST_MATH = YES;
				SDKROOT = macosx;
				SWIFT_COMPILATION_MODE = wholemodule;
				SWIFT_OPTIMIZATION_LEVEL = "-O";
				VERSIONING_SYSTEM = "apple-generic";
			};
			name = Release;
		};
		DC60146529DE66C400A950F6 /* Debug */ = {
			isa = XCBuildConfiguration;
			buildSettings = {
				ASSETCATALOG_COMPILER_APPICON_NAME = AppIcon;
				ASSETCATALOG_COMPILER_GLOBAL_ACCENT_COLOR_NAME = AccentColor;
				CODE_SIGN_ALLOW_ENTITLEMENTS_MODIFICATION = YES;
				CODE_SIGN_ENTITLEMENTS = "Quote-Droplet/Quote_Droplet.entitlements";
				CODE_SIGN_STYLE = Automatic;
				COMBINE_HIDPI_IMAGES = YES;
				CURRENT_PROJECT_VERSION = 9.1;
				DEAD_CODE_STRIPPING = YES;
				DEVELOPMENT_ASSET_PATHS = "\"Quote-Droplet/Preview Content\"";
				DEVELOPMENT_TEAM = GUW483PXY6;
				ENABLE_HARDENED_RUNTIME = YES;
				ENABLE_PREVIEWS = YES;
				GENERATE_INFOPLIST_FILE = YES;
				INFOPLIST_FILE = "Quote-Droplet/Info.plist";
				INFOPLIST_KEY_CFBundleDisplayName = "Quote Droplet";
				INFOPLIST_KEY_LSApplicationCategoryType = "public.app-category.education";
				INFOPLIST_KEY_LSUIElement = YES;
				INFOPLIST_KEY_NSHumanReadableCopyright = "";
				LD_RUNPATH_SEARCH_PATHS = (
					"$(inherited)",
					"@executable_path/../Frameworks",
				);
				MACOSX_DEPLOYMENT_TARGET = 12.0;
				MARKETING_VERSION = 5.4;
				PRODUCT_BUNDLE_IDENTIFIER = "com.Daggerpov.Quote-Droplet";
				PRODUCT_NAME = "$(TARGET_NAME)";
				SWIFT_EMIT_LOC_STRINGS = YES;
				SWIFT_VERSION = 5.0;
			};
			name = Debug;
		};
		DC60146629DE66C400A950F6 /* Release */ = {
			isa = XCBuildConfiguration;
			buildSettings = {
				ASSETCATALOG_COMPILER_APPICON_NAME = AppIcon;
				ASSETCATALOG_COMPILER_GLOBAL_ACCENT_COLOR_NAME = AccentColor;
				CODE_SIGN_ALLOW_ENTITLEMENTS_MODIFICATION = YES;
				CODE_SIGN_ENTITLEMENTS = "Quote-Droplet/Quote_Droplet.entitlements";
				CODE_SIGN_STYLE = Automatic;
				COMBINE_HIDPI_IMAGES = YES;
				CURRENT_PROJECT_VERSION = 9.1;
				DEAD_CODE_STRIPPING = YES;
				DEVELOPMENT_ASSET_PATHS = "\"Quote-Droplet/Preview Content\"";
				DEVELOPMENT_TEAM = GUW483PXY6;
				ENABLE_HARDENED_RUNTIME = YES;
				ENABLE_PREVIEWS = YES;
				GENERATE_INFOPLIST_FILE = YES;
				INFOPLIST_FILE = "Quote-Droplet/Info.plist";
				INFOPLIST_KEY_CFBundleDisplayName = "Quote Droplet";
				INFOPLIST_KEY_LSApplicationCategoryType = "public.app-category.education";
				INFOPLIST_KEY_LSUIElement = YES;
				INFOPLIST_KEY_NSHumanReadableCopyright = "";
				LD_RUNPATH_SEARCH_PATHS = (
					"$(inherited)",
					"@executable_path/../Frameworks",
				);
				MACOSX_DEPLOYMENT_TARGET = 12.0;
				MARKETING_VERSION = 5.4;
				PRODUCT_BUNDLE_IDENTIFIER = "com.Daggerpov.Quote-Droplet";
				PRODUCT_NAME = "$(TARGET_NAME)";
				SWIFT_EMIT_LOC_STRINGS = YES;
				SWIFT_VERSION = 5.0;
			};
			name = Release;
		};
/* End XCBuildConfiguration section */

/* Begin XCConfigurationList section */
		DC60145029DE66C200A950F6 /* Build configuration list for PBXProject "Quote Droplet" */ = {
			isa = XCConfigurationList;
			buildConfigurations = (
				DC60146229DE66C400A950F6 /* Debug */,
				DC60146329DE66C400A950F6 /* Release */,
			);
			defaultConfigurationIsVisible = 0;
			defaultConfigurationName = Release;
		};
		DC60146429DE66C400A950F6 /* Build configuration list for PBXNativeTarget "Quote Droplet" */ = {
			isa = XCConfigurationList;
			buildConfigurations = (
				DC60146529DE66C400A950F6 /* Debug */,
				DC60146629DE66C400A950F6 /* Release */,
			);
			defaultConfigurationIsVisible = 0;
			defaultConfigurationName = Release;
		};
/* End XCConfigurationList section */
	};
	rootObject = DC60144D29DE66C200A950F6 /* Project object */;
}
